
Microsoft Visual Studio Solution File, Format Version 12.00
# Visual Studio 15
VisualStudioVersion = 15.0.28307.1209
MinimumVisualStudioVersion = 10.0.40219.1
Project("{FAE04EC0-301F-11D3-BF4B-00C04F79EFBC}") = "DBproject", "DBproject\DBproject.csproj", "{A0F2C74C-5317-4DDB-AAA0-75FCE406AA20}"
EndProject
Global
	GlobalSection(SolutionConfigurationPlatforms) = preSolution
		Debug|Any CPU = Debug|Any CPU
		Release|Any CPU = Release|Any CPU
	EndGlobalSection
	GlobalSection(ProjectConfigurationPlatforms) = postSolution
		{A0F2C74C-5317-4DDB-AAA0-75FCE406AA20}.Debug|Any CPU.ActiveCfg = Debug|Any CPU
		{A0F2C74C-5317-4DDB-AAA0-75FCE406AA20}.Debug|Any CPU.Build.0 = Debug|Any CPU
		{A0F2C74C-5317-4DDB-AAA0-75FCE406AA20}.Release|Any CPU.ActiveCfg = Release|Any CPU
		{A0F2C74C-5317-4DDB-AAA0-75FCE406AA20}.Release|Any CPU.Build.0 = Release|Any CPU
	EndGlobalSection
	GlobalSection(SolutionProperties) = preSolution
		HideSolutionNode = FALSE
	EndGlobalSection
	GlobalSection(ExtensibilityGlobals) = postSolution
		SolutionGuid = {EE8597B0-806D-49DE-8DC2-93C0E1675A47}
	EndGlobalSection
EndGlobal
